
Microsoft Visual Studio Solution File, Format Version 12.00
# Visual Studio Version 17
VisualStudioVersion = 17.3.32819.101
MinimumVisualStudioVersion = 10.0.40219.1
Project("{9A19103F-16F7-4668-BE54-9A1E7A4F7556}") = "LeVent", "LeVent\LeVent.csproj", "{9C076A74-2175-4B66-9F6F-D4D80DE44C04}"
EndProject
Project("{9A19103F-16F7-4668-BE54-9A1E7A4F7556}") = "LeVent.Tests.Unit", "LeVent.Tests.Unit\LeVent.Tests.Unit.csproj", "{E216BF0A-9A28-4589-8320-A0E77CBA83B8}"
EndProject
Project("{9A19103F-16F7-4668-BE54-9A1E7A4F7556}") = "LeVent.Tests.Acceptance", "LeVent.Tests.Acceptance\LeVent.Tests.Acceptance.csproj", "{901FA460-4D76-468D-A08D-BA2C31019B20}"
EndProject
Project("{9A19103F-16F7-4668-BE54-9A1E7A4F7556}") = "LeVent.Infrastructure.Build", "LeVent.Infrastructure.Build\LeVent.Infrastructure.Build.csproj", "{784AAEBF-3AAD-4288-A5E6-8541C3E49BF7}"
EndProject
Global
	GlobalSection(SolutionConfigurationPlatforms) = preSolution
		Debug|Any CPU = Debug|Any CPU
		Release|Any CPU = Release|Any CPU
	EndGlobalSection
	GlobalSection(ProjectConfigurationPlatforms) = postSolution
		{9C076A74-2175-4B66-9F6F-D4D80DE44C04}.Debug|Any CPU.ActiveCfg = Debug|Any CPU
		{9C076A74-2175-4B66-9F6F-D4D80DE44C04}.Debug|Any CPU.Build.0 = Debug|Any CPU
		{9C076A74-2175-4B66-9F6F-D4D80DE44C04}.Release|Any CPU.ActiveCfg = Release|Any CPU
		{9C076A74-2175-4B66-9F6F-D4D80DE44C04}.Release|Any CPU.Build.0 = Release|Any CPU
		{E216BF0A-9A28-4589-8320-A0E77CBA83B8}.Debug|Any CPU.ActiveCfg = Debug|Any CPU
		{E216BF0A-9A28-4589-8320-A0E77CBA83B8}.Debug|Any CPU.Build.0 = Debug|Any CPU
		{E216BF0A-9A28-4589-8320-A0E77CBA83B8}.Release|Any CPU.ActiveCfg = Release|Any CPU
		{E216BF0A-9A28-4589-8320-A0E77CBA83B8}.Release|Any CPU.Build.0 = Release|Any CPU
		{901FA460-4D76-468D-A08D-BA2C31019B20}.Debug|Any CPU.ActiveCfg = Debug|Any CPU
		{901FA460-4D76-468D-A08D-BA2C31019B20}.Debug|Any CPU.Build.0 = Debug|Any CPU
		{901FA460-4D76-468D-A08D-BA2C31019B20}.Release|Any CPU.ActiveCfg = Release|Any CPU
		{901FA460-4D76-468D-A08D-BA2C31019B20}.Release|Any CPU.Build.0 = Release|Any CPU
		{784AAEBF-3AAD-4288-A5E6-8541C3E49BF7}.Debug|Any CPU.ActiveCfg = Debug|Any CPU
		{784AAEBF-3AAD-4288-A5E6-8541C3E49BF7}.Debug|Any CPU.Build.0 = Debug|Any CPU
		{784AAEBF-3AAD-4288-A5E6-8541C3E49BF7}.Release|Any CPU.ActiveCfg = Release|Any CPU
		{784AAEBF-3AAD-4288-A5E6-8541C3E49BF7}.Release|Any CPU.Build.0 = Release|Any CPU
	EndGlobalSection
	GlobalSection(SolutionProperties) = preSolution
		HideSolutionNode = FALSE
	EndGlobalSection
	GlobalSection(ExtensibilityGlobals) = postSolution
		SolutionGuid = {638A24F5-6A2A-4A87-8E1D-9307016B6032}
	EndGlobalSection
EndGlobal
